
Microsoft Visual Studio Solution File, Format Version 12.00
# Visual Studio Version 17
VisualStudioVersion = 17.11.35312.102
MinimumVisualStudioVersion = 10.0.40219.1
Project("{2150E333-8FDC-42A3-9474-1A3956D46DE8}") = "Solution Items", "Solution Items", "{6CFE9239-F9EE-4816-8E3C-94646232A95B}"
	ProjectSection(SolutionItems) = preProject
		LICENSE.md = LICENSE.md
		ReadMe.md = ReadMe.md
	EndProjectSection
EndProject
Project("{FAE04EC0-301F-11D3-BF4B-00C04F79EFBC}") = "ECommerceApp", "ECommerceApp\ECommerceApp.csproj", "{07EB1D57-B404-4CED-BFD2-10B66CB53A06}"
EndProject
Global
	GlobalSection(SolutionConfigurationPlatforms) = preSolution
		Debug|Any CPU = Debug|Any CPU
		Release|Any CPU = Release|Any CPU
	EndGlobalSection
	GlobalSection(ProjectConfigurationPlatforms) = postSolution
		{07EB1D57-B404-4CED-BFD2-10B66CB53A06}.Debug|Any CPU.ActiveCfg = Debug|Any CPU
		{07EB1D57-B404-4CED-BFD2-10B66CB53A06}.Debug|Any CPU.Build.0 = Debug|Any CPU
		{07EB1D57-B404-4CED-BFD2-10B66CB53A06}.Release|Any CPU.ActiveCfg = Release|Any CPU
		{07EB1D57-B404-4CED-BFD2-10B66CB53A06}.Release|Any CPU.Build.0 = Release|Any CPU
	EndGlobalSection
	GlobalSection(SolutionProperties) = preSolution
		HideSolutionNode = FALSE
	EndGlobalSection
	GlobalSection(ExtensibilityGlobals) = postSolution
		SolutionGuid = {12B4D28E-462A-47BA-BFDA-4CC93120922C}
	EndGlobalSection
EndGlobal
